
Microsoft Visual Studio Solution File, Format Version 12.00
# Visual Studio Version 17
VisualStudioVersion = 17.4.33213.308
MinimumVisualStudioVersion = 10.0.40219.1
Project("{FAE04EC0-301F-11D3-BF4B-00C04F79EFBC}") = "KeepLockApp", "KeepLockApp.csproj", "{8E625765-1C37-4B14-85E1-61C4465074AD}"
EndProject
Global
	GlobalSection(SolutionConfigurationPlatforms) = preSolution
		Debug|Any CPU = Debug|Any CPU
		Release|Any CPU = Release|Any CPU
	EndGlobalSection
	GlobalSection(ProjectConfigurationPlatforms) = postSolution
		{8E625765-1C37-4B14-85E1-61C4465074AD}.Debug|Any CPU.ActiveCfg = Debug|Any CPU
		{8E625765-1C37-4B14-85E1-61C4465074AD}.Debug|Any CPU.Build.0 = Debug|Any CPU
		{8E625765-1C37-4B14-85E1-61C4465074AD}.Release|Any CPU.ActiveCfg = Release|Any CPU
		{8E625765-1C37-4B14-85E1-61C4465074AD}.Release|Any CPU.Build.0 = Release|Any CPU
	EndGlobalSection
	GlobalSection(SolutionProperties) = preSolution
		HideSolutionNode = FALSE
	EndGlobalSection
	GlobalSection(ExtensibilityGlobals) = postSolution
		SolutionGuid = {BABBBF49-6145-4235-B321-3A2A88FA8B70}
	EndGlobalSection
EndGlobal
